
Microsoft Visual Studio Solution File, Format Version 12.00
# Visual Studio Version 17
VisualStudioVersion = 17.11.35312.102
MinimumVisualStudioVersion = 10.0.40219.1
Project("{FAE04EC0-301F-11D3-BF4B-00C04F79EFBC}") = "BasicAPIInterface", "BasicAPIInterface\BasicAPIInterface.csproj", "{FEF8F834-80E6-44DD-AD2C-FC7B19A88521}"
EndProject
Global
	GlobalSection(SolutionConfigurationPlatforms) = preSolution
		Debug|Any CPU = Debug|Any CPU
		Release|Any CPU = Release|Any CPU
	EndGlobalSection
	GlobalSection(ProjectConfigurationPlatforms) = postSolution
		{FEF8F834-80E6-44DD-AD2C-FC7B19A88521}.Debug|Any CPU.ActiveCfg = Debug|Any CPU
		{FEF8F834-80E6-44DD-AD2C-FC7B19A88521}.Debug|Any CPU.Build.0 = Debug|Any CPU
		{FEF8F834-80E6-44DD-AD2C-FC7B19A88521}.Release|Any CPU.ActiveCfg = Release|Any CPU
		{FEF8F834-80E6-44DD-AD2C-FC7B19A88521}.Release|Any CPU.Build.0 = Release|Any CPU
	EndGlobalSection
	GlobalSection(SolutionProperties) = preSolution
		HideSolutionNode = FALSE
	EndGlobalSection
	GlobalSection(ExtensibilityGlobals) = postSolution
		SolutionGuid = {760AAEC6-3644-43A2-B016-5D21784078C2}
	EndGlobalSection
EndGlobal
